# This file is automatically @generated by Poetry 1.8.5 and should not be changed by hand.

[[package]]
name = "inflect"
version = "7.5.0"
description = "Correctly generate plurals, singular nouns, ordinals, indefinite articles"
optional = false
python-versions = ">=3.9"
files = [
    {file = "inflect-7.5.0-py3-none-any.whl", hash = "sha256:2aea70e5e70c35d8350b8097396ec155ffd68def678c7ff97f51aa69c1d92344"},
    {file = "inflect-7.5.0.tar.gz", hash = "sha256:faf19801c3742ed5a05a8ce388e0d8fe1a07f8d095c82201eb904f5d27ad571f"},
]

[package.dependencies]
more_itertools = ">=8.5.0"
typeguard = ">=4.0.1"

[package.extras]
check = ["pytest-checkdocs (>=2.4)", "pytest-ruff (>=0.2.1)"]
cover = ["pytest-cov"]
doc = ["furo", "jaraco.packaging (>=9.3)", "jaraco.tidelift (>=1.4)", "rst.linker (>=1.9)", "sphinx (>=3.5)", "sphinx-lint"]
enabler = ["pytest-enabler (>=2.2)"]
test = ["pygments", "pytest (>=6,!=8.1.*)"]
type = ["pytest-mypy"]

[[package]]
name = "mapbox-vector-tile"
version = "2.1.0"
description = "Mapbox Vector Tile encoding and decoding."
optional = false
python-versions = "<4.0,>=3.9"
files = [
    {file = "mapbox_vector_tile-2.1.0-py3-none-any.whl", hash = "sha256:29ebdf6cb01a712e2ee08f6bdf7259a23e9c264b01fa69ae83358e33ebdd040c"},
    {file = "mapbox_vector_tile-2.1.0.tar.gz", hash = "sha256:9a0572e483c7b06762af73b9b5ee5f4e58441bcca9190105fe55cec71dd16cd8"},
]

[package.dependencies]
protobuf = ">=5.26.1,<6.0.0"
pyclipper = ">=1.3.0,<2.0.0"
shapely = ">=2.0.0,<3.0.0"

[package.extras]
proj = ["pyproj (>=3.4.1,<4.0.0)"]

[[package]]
name = "more-itertools"
version = "10.6.0"
description = "More routines for operating on iterables, beyond itertools"
optional = false
python-versions = ">=3.9"
files = [
    {file = "more-itertools-10.6.0.tar.gz", hash = "sha256:2cd7fad1009c31cc9fb6a035108509e6547547a7a738374f10bd49a09eb3ee3b"},
    {file = "more_itertools-10.6.0-py3-none-any.whl", hash = "sha256:6eb054cb4b6db1473f6e15fcc676a08e4732548acd47c708f0e179c2c7c01e89"},
]

[[package]]
name = "numpy"
version = "2.2.2"
description = "Fundamental package for array computing in Python"
optional = false
python-versions = ">=3.10"
files = [
    {file = "numpy-2.2.2-cp310-cp310-macosx_10_9_x86_64.whl", hash = "sha256:7079129b64cb78bdc8d611d1fd7e8002c0a2565da6a47c4df8062349fee90e3e"},
    {file = "numpy-2.2.2-cp310-cp310-macosx_11_0_arm64.whl", hash = "sha256:2ec6c689c61df613b783aeb21f945c4cbe6c51c28cb70aae8430577ab39f163e"},
    {file = "numpy-2.2.2-cp310-cp310-macosx_14_0_arm64.whl", hash = "sha256:40c7ff5da22cd391944a28c6a9c638a5eef77fcf71d6e3a79e1d9d9e82752715"},
    {file = "numpy-2.2.2-cp310-cp310-macosx_14_0_x86_64.whl", hash = "sha256:995f9e8181723852ca458e22de5d9b7d3ba4da3f11cc1cb113f093b271d7965a"},
    {file = "numpy-2.2.2-cp310-cp310-manylinux_2_17_aarch64.manylinux2014_aarch64.whl", hash = "sha256:b78ea78450fd96a498f50ee096f69c75379af5138f7881a51355ab0e11286c97"},
    {file = "numpy-2.2.2-cp310-cp310-manylinux_2_17_x86_64.manylinux2014_x86_64.whl", hash = "sha256:3fbe72d347fbc59f94124125e73fc4976a06927ebc503ec5afbfb35f193cd957"},
    {file = "numpy-2.2.2-cp310-cp310-musllinux_1_2_aarch64.whl", hash = "sha256:8e6da5cffbbe571f93588f562ed130ea63ee206d12851b60819512dd3e1ba50d"},
    {file = "numpy-2.2.2-cp310-cp310-musllinux_1_2_x86_64.whl", hash = "sha256:09d6a2032faf25e8d0cadde7fd6145118ac55d2740132c1d845f98721b5ebcfd"},
    {file = "numpy-2.2.2-cp310-cp310-win32.whl", hash = "sha256:159ff6ee4c4a36a23fe01b7c3d07bd8c14cc433d9720f977fcd52c13c0098160"},
    {file = "numpy-2.2.2-cp310-cp310-win_amd64.whl", hash = "sha256:64bd6e1762cd7f0986a740fee4dff927b9ec2c5e4d9a28d056eb17d332158014"},
    {file = "numpy-2.2.2-cp311-cp311-macosx_10_9_x86_64.whl", hash = "sha256:642199e98af1bd2b6aeb8ecf726972d238c9877b0f6e8221ee5ab945ec8a2189"},
    {file = "numpy-2.2.2-cp311-cp311-macosx_11_0_arm64.whl", hash = "sha256:6d9fc9d812c81e6168b6d405bf00b8d6739a7f72ef22a9214c4241e0dc70b323"},
    {file = "numpy-2.2.2-cp311-cp311-macosx_14_0_arm64.whl", hash = "sha256:c7d1fd447e33ee20c1f33f2c8e6634211124a9aabde3c617687d8b739aa69eac"},
    {file = "numpy-2.2.2-cp311-cp311-macosx_14_0_x86_64.whl", hash = "sha256:451e854cfae0febe723077bd0cf0a4302a5d84ff25f0bfece8f29206c7bed02e"},
    {file = "numpy-2.2.2-cp311-cp311-manylinux_2_17_aarch64.manylinux2014_aarch64.whl", hash = "sha256:bd249bc894af67cbd8bad2c22e7cbcd46cf87ddfca1f1289d1e7e54868cc785c"},
    {file = "numpy-2.2.2-cp311-cp311-manylinux_2_17_x86_64.manylinux2014_x86_64.whl", hash = "sha256:02935e2c3c0c6cbe9c7955a8efa8908dd4221d7755644c59d1bba28b94fd334f"},
    {file = "numpy-2.2.2-cp311-cp311-musllinux_1_2_aarch64.whl", hash = "sha256:a972cec723e0563aa0823ee2ab1df0cb196ed0778f173b381c871a03719d4826"},
    {file = "numpy-2.2.2-cp311-cp311-musllinux_1_2_x86_64.whl", hash = "sha256:d6d6a0910c3b4368d89dde073e630882cdb266755565155bc33520283b2d9df8"},
    {file = "numpy-2.2.2-cp311-cp311-win32.whl", hash = "sha256:860fd59990c37c3ef913c3ae390b3929d005243acca1a86facb0773e2d8d9e50"},
    {file = "numpy-2.2.2-cp311-cp311-win_amd64.whl", hash = "sha256:da1eeb460ecce8d5b8608826595c777728cdf28ce7b5a5a8c8ac8d949beadcf2"},
    {file = "numpy-2.2.2-cp312-cp312-macosx_10_13_x86_64.whl", hash = "sha256:ac9bea18d6d58a995fac1b2cb4488e17eceeac413af014b1dd26170b766d8467"},
    {file = "numpy-2.2.2-cp312-cp312-macosx_11_0_arm64.whl", hash = "sha256:23ae9f0c2d889b7b2d88a3791f6c09e2ef827c2446f1c4a3e3e76328ee4afd9a"},
    {file = "numpy-2.2.2-cp312-cp312-macosx_14_0_arm64.whl", hash = "sha256:3074634ea4d6df66be04f6728ee1d173cfded75d002c75fac79503a880bf3825"},
    {file = "numpy-2.2.2-cp312-cp312-macosx_14_0_x86_64.whl", hash = "sha256:8ec0636d3f7d68520afc6ac2dc4b8341ddb725039de042faf0e311599f54eb37"},
    {file = "numpy-2.2.2-cp312-cp312-manylinux_2_17_aarch64.manylinux2014_aarch64.whl", hash = "sha256:2ffbb1acd69fdf8e89dd60ef6182ca90a743620957afb7066385a7bbe88dc748"},
    {file = "numpy-2.2.2-cp312-cp312-manylinux_2_17_x86_64.manylinux2014_x86_64.whl", hash = "sha256:0349b025e15ea9d05c3d63f9657707a4e1d471128a3b1d876c095f328f8ff7f0"},
    {file = "numpy-2.2.2-cp312-cp312-musllinux_1_2_aarch64.whl", hash = "sha256:463247edcee4a5537841d5350bc87fe8e92d7dd0e8c71c995d2c6eecb8208278"},
    {file = "numpy-2.2.2-cp312-cp312-musllinux_1_2_x86_64.whl", hash = "sha256:9dd47ff0cb2a656ad69c38da850df3454da88ee9a6fde0ba79acceee0e79daba"},
    {file = "numpy-2.2.2-cp312-cp312-win32.whl", hash = "sha256:4525b88c11906d5ab1b0ec1f290996c0020dd318af8b49acaa46f198b1ffc283"},
    {file = "numpy-2.2.2-cp312-cp312-win_amd64.whl", hash = "sha256:5acea83b801e98541619af398cc0109ff48016955cc0818f478ee9ef1c5c3dcb"},
    {file = "numpy-2.2.2-cp313-cp313-macosx_10_13_x86_64.whl", hash = "sha256:b208cfd4f5fe34e1535c08983a1a6803fdbc7a1e86cf13dd0c61de0b51a0aadc"},
    {file = "numpy-2.2.2-cp313-cp313-macosx_11_0_arm64.whl", hash = "sha256:d0bbe7dd86dca64854f4b6ce2ea5c60b51e36dfd597300057cf473d3615f2369"},
    {file = "numpy-2.2.2-cp313-cp313-macosx_14_0_arm64.whl", hash = "sha256:22ea3bb552ade325530e72a0c557cdf2dea8914d3a5e1fecf58fa5dbcc6f43cd"},
    {file = "numpy-2.2.2-cp313-cp313-macosx_14_0_x86_64.whl", hash = "sha256:128c41c085cab8a85dc29e66ed88c05613dccf6bc28b3866cd16050a2f5448be"},
    {file = "numpy-2.2.2-cp313-cp313-manylinux_2_17_aarch64.manylinux2014_aarch64.whl", hash = "sha256:250c16b277e3b809ac20d1f590716597481061b514223c7badb7a0f9993c7f84"},
    {file = "numpy-2.2.2-cp313-cp313-manylinux_2_17_x86_64.manylinux2014_x86_64.whl", hash = "sha256:e0c8854b09bc4de7b041148d8550d3bd712b5c21ff6a8ed308085f190235d7ff"},
    {file = "numpy-2.2.2-cp313-cp313-musllinux_1_2_aarch64.whl", hash = "sha256:b6fb9c32a91ec32a689ec6410def76443e3c750e7cfc3fb2206b985ffb2b85f0"},
    {file = "numpy-2.2.2-cp313-cp313-musllinux_1_2_x86_64.whl", hash = "sha256:57b4012e04cc12b78590a334907e01b3a85efb2107df2b8733ff1ed05fce71de"},
    {file = "numpy-2.2.2-cp313-cp313-win32.whl", hash = "sha256:4dbd80e453bd34bd003b16bd802fac70ad76bd463f81f0c518d1245b1c55e3d9"},
    {file = "numpy-2.2.2-cp313-cp313-win_amd64.whl", hash = "sha256:5a8c863ceacae696aff37d1fd636121f1a512117652e5dfb86031c8d84836369"},
    {file = "numpy-2.2.2-cp313-cp313t-macosx_10_13_x86_64.whl", hash = "sha256:b3482cb7b3325faa5f6bc179649406058253d91ceda359c104dac0ad320e1391"},
    {file = "numpy-2.2.2-cp313-cp313t-macosx_11_0_arm64.whl", hash = "sha256:9491100aba630910489c1d0158034e1c9a6546f0b1340f716d522dc103788e39"},
    {file = "numpy-2.2.2-cp313-cp313t-macosx_14_0_arm64.whl", hash = "sha256:41184c416143defa34cc8eb9d070b0a5ba4f13a0fa96a709e20584638254b317"},
    {file = "numpy-2.2.2-cp313-cp313t-macosx_14_0_x86_64.whl", hash = "sha256:7dca87ca328f5ea7dafc907c5ec100d187911f94825f8700caac0b3f4c384b49"},
    {file = "numpy-2.2.2-cp313-cp313t-manylinux_2_17_aarch64.manylinux2014_aarch64.whl", hash = "sha256:0bc61b307655d1a7f9f4b043628b9f2b721e80839914ede634e3d485913e1fb2"},
    {file = "numpy-2.2.2-cp313-cp313t-manylinux_2_17_x86_64.manylinux2014_x86_64.whl", hash = "sha256:9fad446ad0bc886855ddf5909cbf8cb5d0faa637aaa6277fb4b19ade134ab3c7"},
    {file = "numpy-2.2.2-cp313-cp313t-musllinux_1_2_aarch64.whl", hash = "sha256:149d1113ac15005652e8d0d3f6fd599360e1a708a4f98e43c9c77834a28238cb"},
    {file = "numpy-2.2.2-cp313-cp313t-musllinux_1_2_x86_64.whl", hash = "sha256:106397dbbb1896f99e044efc90360d098b3335060375c26aa89c0d8a97c5f648"},
    {file = "numpy-2.2.2-cp313-cp313t-win32.whl", hash = "sha256:0eec19f8af947a61e968d5429f0bd92fec46d92b0008d0a6685b40d6adf8a4f4"},
    {file = "numpy-2.2.2-cp313-cp313t-win_amd64.whl", hash = "sha256:97b974d3ba0fb4612b77ed35d7627490e8e3dff56ab41454d9e8b23448940576"},
    {file = "numpy-2.2.2-pp310-pypy310_pp73-macosx_10_15_x86_64.whl", hash = "sha256:b0531f0b0e07643eb089df4c509d30d72c9ef40defa53e41363eca8a8cc61495"},
    {file = "numpy-2.2.2-pp310-pypy310_pp73-macosx_14_0_x86_64.whl", hash = "sha256:e9e82dcb3f2ebbc8cb5ce1102d5f1c5ed236bf8a11730fb45ba82e2841ec21df"},
    {file = "numpy-2.2.2-pp310-pypy310_pp73-manylinux_2_17_x86_64.manylinux2014_x86_64.whl", hash = "sha256:e0d4142eb40ca6f94539e4db929410f2a46052a0fe7a2c1c59f6179c39938d2a"},
    {file = "numpy-2.2.2-pp310-pypy310_pp73-win_amd64.whl", hash = "sha256:356ca982c188acbfa6af0d694284d8cf20e95b1c3d0aefa8929376fea9146f60"},
    {file = "numpy-2.2.2.tar.gz", hash = "sha256:ed6906f61834d687738d25988ae117683705636936cc605be0bb208b23df4d8f"},
]

[[package]]
name = "protobuf"
version = "5.29.3"
description = ""
optional = false
python-versions = ">=3.8"
files = [
    {file = "protobuf-5.29.3-cp310-abi3-win32.whl", hash = "sha256:3ea51771449e1035f26069c4c7fd51fba990d07bc55ba80701c78f886bf9c888"},
    {file = "protobuf-5.29.3-cp310-abi3-win_amd64.whl", hash = "sha256:a4fa6f80816a9a0678429e84973f2f98cbc218cca434abe8db2ad0bffc98503a"},
    {file = "protobuf-5.29.3-cp38-abi3-macosx_10_9_universal2.whl", hash = "sha256:a8434404bbf139aa9e1300dbf989667a83d42ddda9153d8ab76e0d5dcaca484e"},
    {file = "protobuf-5.29.3-cp38-abi3-manylinux2014_aarch64.whl", hash = "sha256:daaf63f70f25e8689c072cfad4334ca0ac1d1e05a92fc15c54eb9cf23c3efd84"},
    {file = "protobuf-5.29.3-cp38-abi3-manylinux2014_x86_64.whl", hash = "sha256:c027e08a08be10b67c06bf2370b99c811c466398c357e615ca88c91c07f0910f"},
    {file = "protobuf-5.29.3-cp38-cp38-win32.whl", hash = "sha256:84a57163a0ccef3f96e4b6a20516cedcf5bb3a95a657131c5c3ac62200d23252"},
    {file = "protobuf-5.29.3-cp38-cp38-win_amd64.whl", hash = "sha256:b89c115d877892a512f79a8114564fb435943b59067615894c3b13cd3e1fa107"},
    {file = "protobuf-5.29.3-cp39-cp39-win32.whl", hash = "sha256:0eb32bfa5219fc8d4111803e9a690658aa2e6366384fd0851064b963b6d1f2a7"},
    {file = "protobuf-5.29.3-cp39-cp39-win_amd64.whl", hash = "sha256:6ce8cc3389a20693bfde6c6562e03474c40851b44975c9b2bf6df7d8c4f864da"},
    {file = "protobuf-5.29.3-py3-none-any.whl", hash = "sha256:0a18ed4a24198528f2333802eb075e59dea9d679ab7a6c5efb017a59004d849f"},
    {file = "protobuf-5.29.3.tar.gz", hash = "sha256:5da0f41edaf117bde316404bad1a486cb4ededf8e4a54891296f648e8e076620"},
]

[[package]]
name = "pyclipper"
version = "1.3.0.post6"
description = "Cython wrapper for the C++ translation of the Angus Johnson's Clipper library (ver. 6.4.2)"
optional = false
python-versions = "*"
files = [
    {file = "pyclipper-1.3.0.post6-cp310-cp310-macosx_10_9_universal2.whl", hash = "sha256:fa0f5e78cfa8262277bb3d0225537b3c2a90ef68fd90a229d5d24cf49955dcf4"},
    {file = "pyclipper-1.3.0.post6-cp310-cp310-macosx_10_9_x86_64.whl", hash = "sha256:a01f182d8938c1dc515e8508ed2442f7eebd2c25c7d5cb29281f583c1a8008a4"},
    {file = "pyclipper-1.3.0.post6-cp310-cp310-manylinux_2_12_x86_64.manylinux2010_x86_64.whl", hash = "sha256:640f20975727994d4abacd07396f564e9e5665ba5cb66ceb36b300c281f84fa4"},
    {file = "pyclipper-1.3.0.post6-cp310-cp310-manylinux_2_17_aarch64.manylinux2014_aarch64.whl", hash = "sha256:a63002f6bb0f1efa87c0b81634cbb571066f237067e23707dabf746306c92ba5"},
    {file = "pyclipper-1.3.0.post6-cp310-cp310-win32.whl", hash = "sha256:106b8622cd9fb07d80cbf9b1d752334c55839203bae962376a8c59087788af26"},
    {file = "pyclipper-1.3.0.post6-cp310-cp310-win_amd64.whl", hash = "sha256:9699e98862dadefd0bea2360c31fa61ca553c660cbf6fb44993acde1b959f58f"},
    {file = "pyclipper-1.3.0.post6-cp311-cp311-macosx_10_9_universal2.whl", hash = "sha256:c4247e7c44b34c87acbf38f99d48fb1acaf5da4a2cf4dcd601a9b24d431be4ef"},
    {file = "pyclipper-1.3.0.post6-cp311-cp311-macosx_10_9_x86_64.whl", hash = "sha256:851b3e58106c62a5534a1201295fe20c21714dee2eda68081b37ddb0367e6caa"},
    {file = "pyclipper-1.3.0.post6-cp311-cp311-manylinux_2_17_aarch64.manylinux2014_aarch64.whl", hash = "sha256:16cc1705a915896d2aff52131c427df02265631279eac849ebda766432714cc0"},
    {file = "pyclipper-1.3.0.post6-cp311-cp311-manylinux_2_17_x86_64.manylinux2014_x86_64.whl", hash = "sha256:ace1f0753cf71c5c5f6488b8feef5dd0fa8b976ad86b24bb51f708f513df4aac"},
    {file = "pyclipper-1.3.0.post6-cp311-cp311-win32.whl", hash = "sha256:dbc828641667142751b1127fd5c4291663490cf05689c85be4c5bcc89aaa236a"},
    {file = "pyclipper-1.3.0.post6-cp311-cp311-win_amd64.whl", hash = "sha256:1c03f1ae43b18ee07730c3c774cc3cf88a10c12a4b097239b33365ec24a0a14a"},
    {file = "pyclipper-1.3.0.post6-cp312-cp312-macosx_10_13_universal2.whl", hash = "sha256:6363b9d79ba1b5d8f32d1623e797c1e9f994600943402e68d5266067bdde173e"},
    {file = "pyclipper-1.3.0.post6-cp312-cp312-macosx_10_13_x86_64.whl", hash = "sha256:32cd7fb9c1c893eb87f82a072dbb5e26224ea7cebbad9dc306d67e1ac62dd229"},
    {file = "pyclipper-1.3.0.post6-cp312-cp312-manylinux_2_17_aarch64.manylinux2014_aarch64.whl", hash = "sha256:e3aab10e3c10ed8fa60c608fb87c040089b83325c937f98f06450cf9fcfdaf1d"},
    {file = "pyclipper-1.3.0.post6-cp312-cp312-manylinux_2_17_x86_64.manylinux2014_x86_64.whl", hash = "sha256:58eae2ff92a8cae1331568df076c4c5775bf946afab0068b217f0cf8e188eb3c"},
    {file = "pyclipper-1.3.0.post6-cp312-cp312-win32.whl", hash = "sha256:793b0aa54b914257aa7dc76b793dd4dcfb3c84011d48df7e41ba02b571616eaf"},
    {file = "pyclipper-1.3.0.post6-cp312-cp312-win_amd64.whl", hash = "sha256:d3f9da96f83b8892504923beb21a481cd4516c19be1d39eb57a92ef1c9a29548"},
    {file = "pyclipper-1.3.0.post6-cp313-cp313-macosx_10_13_universal2.whl", hash = "sha256:f129284d2c7bcd213d11c0f35e1ae506a1144ce4954e9d1734d63b120b0a1b58"},
    {file = "pyclipper-1.3.0.post6-cp313-cp313-macosx_10_13_x86_64.whl", hash = "sha256:188fbfd1d30d02247f92c25ce856f5f3c75d841251f43367dbcf10935bc48f38"},
    {file = "pyclipper-1.3.0.post6-cp313-cp313-manylinux_2_17_aarch64.manylinux2014_aarch64.whl", hash = "sha256:d6d129d0c2587f2f5904d201a4021f859afbb45fada4261c9fdedb2205b09d23"},
    {file = "pyclipper-1.3.0.post6-cp313-cp313-manylinux_2_17_x86_64.manylinux2014_x86_64.whl", hash = "sha256:5c9c80b5c46eef38ba3f12dd818dc87f5f2a0853ba914b6f91b133232315f526"},
    {file = "pyclipper-1.3.0.post6-cp313-cp313-win32.whl", hash = "sha256:b15113ec4fc423b58e9ae80aa95cf5a0802f02d8f02a98a46af3d7d66ff0cc0e"},
    {file = "pyclipper-1.3.0.post6-cp313-cp313-win_amd64.whl", hash = "sha256:e5ff68fa770ac654c7974fc78792978796f068bd274e95930c0691c31e192889"},
    {file = "pyclipper-1.3.0.post6-cp36-cp36m-macosx_10_9_x86_64.whl", hash = "sha256:c92e41301a8f25f9adcd90954512038ed5f774a2b8c04a4a9db261b78ff75e3a"},
    {file = "pyclipper-1.3.0.post6-cp36-cp36m-manylinux_2_17_aarch64.manylinux2014_aarch64.whl", hash = "sha256:04214d23cf79f4ddcde36e299dea9f23f07abb88fa47ef399bf0e819438bbefd"},
    {file = "pyclipper-1.3.0.post6-cp36-cp36m-manylinux_2_5_x86_64.manylinux1_x86_64.whl", hash = "sha256:aa604f8665ade434f9eafcd23f89435057d5d09427dfb4554c5e6d19f6d8aa1a"},
    {file = "pyclipper-1.3.0.post6-cp36-cp36m-win32.whl", hash = "sha256:1fd56855ca92fa7eb0d8a71cf3a24b80b9724c8adcc89b385bbaa8924e620156"},
    {file = "pyclipper-1.3.0.post6-cp36-cp36m-win_amd64.whl", hash = "sha256:6893f9b701f3132d86018594d99b724200b937a3a3ddfe1be0432c4ff0284e6e"},
    {file = "pyclipper-1.3.0.post6-cp37-cp37m-macosx_10_9_x86_64.whl", hash = "sha256:2737df106b8487103916147fe30f887aff439d9f2bd2f67c9d9b5c13eac88ccf"},
    {file = "pyclipper-1.3.0.post6-cp37-cp37m-manylinux_2_17_aarch64.manylinux2014_aarch64.whl", hash = "sha256:33ab72260f144693e1f7735e93276c3031e1ed243a207eff1f8b98c7162ba22c"},
    {file = "pyclipper-1.3.0.post6-cp37-cp37m-manylinux_2_5_x86_64.manylinux1_x86_64.whl", hash = "sha256:491ec1bfd2ee3013269c2b652dde14a85539480e0fb82f89bb12198fa59fff82"},
    {file = "pyclipper-1.3.0.post6-cp37-cp37m-win32.whl", hash = "sha256:2e257009030815853528ba4b2ef7fb7e172683a3f4255a63f00bde34cfab8b58"},
    {file = "pyclipper-1.3.0.post6-cp37-cp37m-win_amd64.whl", hash = "sha256:ed6e50c6e87ed190141573615d54118869bd63e9cd91ca5660d2ca926bf25110"},
    {file = "pyclipper-1.3.0.post6-cp38-cp38-macosx_10_9_universal2.whl", hash = "sha256:cf0a535cfa02b207435928e991c60389671fe1ea1dfae79170973f82f52335b2"},
    {file = "pyclipper-1.3.0.post6-cp38-cp38-macosx_10_9_x86_64.whl", hash = "sha256:48dd55fbd55f63902cad511432ec332368cbbbc1dd2110c0c6c1e9edd735713a"},
    {file = "pyclipper-1.3.0.post6-cp38-cp38-manylinux_2_17_aarch64.manylinux2014_aarch64.whl", hash = "sha256:c05ae2ea878fdfa31dd375326f6191b03de98a9602cc9c2b6d4ff960b20a974c"},
    {file = "pyclipper-1.3.0.post6-cp38-cp38-manylinux_2_5_x86_64.manylinux1_x86_64.whl", hash = "sha256:903176952a159c4195b8be55e597978e24804c838c7a9b12024c39704d341f72"},
    {file = "pyclipper-1.3.0.post6-cp38-cp38-win32.whl", hash = "sha256:fb1e52cf4ee0a9fa8b2254ed589cc51b0c989efc58fa8804289aca94a21253f7"},
    {file = "pyclipper-1.3.0.post6-cp38-cp38-win_amd64.whl", hash = "sha256:9cbdc517e75e647aa9bf6e356b3a3d2e3af344f82af38e36031eb46ba0ab5425"},
    {file = "pyclipper-1.3.0.post6-cp39-cp39-macosx_10_9_universal2.whl", hash = "sha256:383f3433b968f2e4b0843f338c1f63b85392b6e1d936de722e8c5d4f577dbff5"},
    {file = "pyclipper-1.3.0.post6-cp39-cp39-macosx_10_9_x86_64.whl", hash = "sha256:cf5ca2b9358d30a395ac6e14b3154a9fd1f9b557ad7153ea15cf697e88d07ce1"},
    {file = "pyclipper-1.3.0.post6-cp39-cp39-manylinux_2_17_aarch64.manylinux2014_aarch64.whl", hash = "sha256:3404dfcb3415eee863564b5f49be28a8c7fb99ad5e31c986bcc33c8d47d97df7"},
    {file = "pyclipper-1.3.0.post6-cp39-cp39-manylinux_2_5_x86_64.manylinux1_x86_64.whl", hash = "sha256:aa0e7268f8ceba218964bc3a482a5e9d32e352e8c3538b03f69a6b3db979078d"},
    {file = "pyclipper-1.3.0.post6-cp39-cp39-win32.whl", hash = "sha256:47a214f201ff930595a30649c2a063f78baa3a8f52e1f38da19f7930c90ed80c"},
    {file = "pyclipper-1.3.0.post6-cp39-cp39-win_amd64.whl", hash = "sha256:28bb590ae79e6beb15794eaee12b6f1d769589572d33e494faf5aa3b1f31b9fa"},
    {file = "pyclipper-1.3.0.post6-pp37-pypy37_pp73-manylinux_2_12_x86_64.manylinux2010_x86_64.whl", hash = "sha256:3e5e65176506da6335f6cbab497ae1a29772064467fa69f66de6bab4b6304d34"},
    {file = "pyclipper-1.3.0.post6-pp38-pypy38_pp73-manylinux_2_12_x86_64.manylinux2010_x86_64.whl", hash = "sha256:3d58202de8b8da4d1559afbda4e90a8c260a5373672b6d7bc5448c4614385144"},
    {file = "pyclipper-1.3.0.post6-pp39-pypy39_pp73-manylinux_2_17_x86_64.manylinux2014_x86_64.whl", hash = "sha256:e2cd8600bd16d209d5d45a33b45c278e1cc8bedc169af1a1f2187b581c521395"},
    {file = "pyclipper-1.3.0.post6.tar.gz", hash = "sha256:42bff0102fa7a7f2abdd795a2594654d62b786d0c6cd67b72d469114fdeb608c"},
]

[[package]]
name = "pyfiglet"
version = "1.0.2"
description = "Pure-python FIGlet implementation"
optional = false
python-versions = ">=3.9"
files = [
    {file = "pyfiglet-1.0.2-py3-none-any.whl", hash = "sha256:889b351d79c99e50a3f619c8f8e6ffdb27fd8c939fc43ecbd7559bd57d5f93ea"},
    {file = "pyfiglet-1.0.2.tar.gz", hash = "sha256:758788018ab8faaddc0984e1ea05ff330d3c64be663c513cc1f105f6a3066dab"},
]

[[package]]
name = "ruff"
version = "0.3.7"
description = "An extremely fast Python linter and code formatter, written in Rust."
optional = false
python-versions = ">=3.7"
files = [
    {file = "ruff-0.3.7-py3-none-macosx_10_12_x86_64.macosx_11_0_arm64.macosx_10_12_universal2.whl", hash = "sha256:0e8377cccb2f07abd25e84fc5b2cbe48eeb0fea9f1719cad7caedb061d70e5ce"},
    {file = "ruff-0.3.7-py3-none-macosx_10_12_x86_64.whl", hash = "sha256:15a4d1cc1e64e556fa0d67bfd388fed416b7f3b26d5d1c3e7d192c897e39ba4b"},
    {file = "ruff-0.3.7-py3-none-manylinux_2_17_aarch64.manylinux2014_aarch64.whl", hash = "sha256:d28bdf3d7dc71dd46929fafeec98ba89b7c3550c3f0978e36389b5631b793663"},
    {file = "ruff-0.3.7-py3-none-manylinux_2_17_armv7l.manylinux2014_armv7l.whl", hash = "sha256:379b67d4f49774ba679593b232dcd90d9e10f04d96e3c8ce4a28037ae473f7bb"},
    {file = "ruff-0.3.7-py3-none-manylinux_2_17_i686.manylinux2014_i686.whl", hash = "sha256:c060aea8ad5ef21cdfbbe05475ab5104ce7827b639a78dd55383a6e9895b7c51"},
    {file = "ruff-0.3.7-py3-none-manylinux_2_17_ppc64.manylinux2014_ppc64.whl", hash = "sha256:ebf8f615dde968272d70502c083ebf963b6781aacd3079081e03b32adfe4d58a"},
    {file = "ruff-0.3.7-py3-none-manylinux_2_17_ppc64le.manylinux2014_ppc64le.whl", hash = "sha256:d48098bd8f5c38897b03604f5428901b65e3c97d40b3952e38637b5404b739a2"},
    {file = "ruff-0.3.7-py3-none-manylinux_2_17_s390x.manylinux2014_s390x.whl", hash = "sha256:da8a4fda219bf9024692b1bc68c9cff4b80507879ada8769dc7e985755d662ea"},
    {file = "ruff-0.3.7-py3-none-manylinux_2_17_x86_64.manylinux2014_x86_64.whl", hash = "sha256:6c44e0149f1d8b48c4d5c33d88c677a4aa22fd09b1683d6a7ff55b816b5d074f"},
    {file = "ruff-0.3.7-py3-none-musllinux_1_2_aarch64.whl", hash = "sha256:3050ec0af72b709a62ecc2aca941b9cd479a7bf2b36cc4562f0033d688e44fa1"},
    {file = "ruff-0.3.7-py3-none-musllinux_1_2_armv7l.whl", hash = "sha256:a29cc38e4c1ab00da18a3f6777f8b50099d73326981bb7d182e54a9a21bb4ff7"},
    {file = "ruff-0.3.7-py3-none-musllinux_1_2_i686.whl", hash = "sha256:5b15cc59c19edca917f51b1956637db47e200b0fc5e6e1878233d3a938384b0b"},
    {file = "ruff-0.3.7-py3-none-musllinux_1_2_x86_64.whl", hash = "sha256:e491045781b1e38b72c91247cf4634f040f8d0cb3e6d3d64d38dcf43616650b4"},
    {file = "ruff-0.3.7-py3-none-win32.whl", hash = "sha256:bc931de87593d64fad3a22e201e55ad76271f1d5bfc44e1a1887edd0903c7d9f"},
    {file = "ruff-0.3.7-py3-none-win_amd64.whl", hash = "sha256:5ef0e501e1e39f35e03c2acb1d1238c595b8bb36cf7a170e7c1df1b73da00e74"},
    {file = "ruff-0.3.7-py3-none-win_arm64.whl", hash = "sha256:789e144f6dc7019d1f92a812891c645274ed08af6037d11fc65fcbc183b7d59f"},
    {file = "ruff-0.3.7.tar.gz", hash = "sha256:d5c1aebee5162c2226784800ae031f660c350e7a3402c4d1f8ea4e97e232e3ba"},
]

[[package]]
name = "shapely"
version = "2.0.6"
description = "Manipulation and analysis of geometric objects"
optional = false
python-versions = ">=3.7"
files = [
    {file = "shapely-2.0.6-cp310-cp310-macosx_10_9_x86_64.whl", hash = "sha256:29a34e068da2d321e926b5073539fd2a1d4429a2c656bd63f0bd4c8f5b236d0b"},
    {file = "shapely-2.0.6-cp310-cp310-macosx_11_0_arm64.whl", hash = "sha256:e1c84c3f53144febf6af909d6b581bc05e8785d57e27f35ebaa5c1ab9baba13b"},
    {file = "shapely-2.0.6-cp310-cp310-manylinux_2_17_aarch64.manylinux2014_aarch64.whl", hash = "sha256:2ad2fae12dca8d2b727fa12b007e46fbc522148a584f5d6546c539f3464dccde"},
    {file = "shapely-2.0.6-cp310-cp310-manylinux_2_17_x86_64.manylinux2014_x86_64.whl", hash = "sha256:b3304883bd82d44be1b27a9d17f1167fda8c7f5a02a897958d86c59ec69b705e"},
    {file = "shapely-2.0.6-cp310-cp310-win32.whl", hash = "sha256:3ec3a0eab496b5e04633a39fa3d5eb5454628228201fb24903d38174ee34565e"},
    {file = "shapely-2.0.6-cp310-cp310-win_amd64.whl", hash = "sha256:28f87cdf5308a514763a5c38de295544cb27429cfa655d50ed8431a4796090c4"},
    {file = "shapely-2.0.6-cp311-cp311-macosx_10_9_x86_64.whl", hash = "sha256:5aeb0f51a9db176da9a30cb2f4329b6fbd1e26d359012bb0ac3d3c7781667a9e"},
    {file = "shapely-2.0.6-cp311-cp311-macosx_11_0_arm64.whl", hash = "sha256:9a7a78b0d51257a367ee115f4d41ca4d46edbd0dd280f697a8092dd3989867b2"},
    {file = "shapely-2.0.6-cp311-cp311-manylinux_2_17_aarch64.manylinux2014_aarch64.whl", hash = "sha256:f32c23d2f43d54029f986479f7c1f6e09c6b3a19353a3833c2ffb226fb63a855"},
    {file = "shapely-2.0.6-cp311-cp311-manylinux_2_17_x86_64.manylinux2014_x86_64.whl", hash = "sha256:b3dc9fb0eb56498912025f5eb352b5126f04801ed0e8bdbd867d21bdbfd7cbd0"},
    {file = "shapely-2.0.6-cp311-cp311-win32.whl", hash = "sha256:d93b7e0e71c9f095e09454bf18dad5ea716fb6ced5df3cb044564a00723f339d"},
    {file = "shapely-2.0.6-cp311-cp311-win_amd64.whl", hash = "sha256:c02eb6bf4cfb9fe6568502e85bb2647921ee49171bcd2d4116c7b3109724ef9b"},
    {file = "shapely-2.0.6-cp312-cp312-macosx_10_9_x86_64.whl", hash = "sha256:cec9193519940e9d1b86a3b4f5af9eb6910197d24af02f247afbfb47bcb3fab0"},
    {file = "shapely-2.0.6-cp312-cp312-macosx_11_0_arm64.whl", hash = "sha256:83b94a44ab04a90e88be69e7ddcc6f332da7c0a0ebb1156e1c4f568bbec983c3"},
    {file = "shapely-2.0.6-cp312-cp312-manylinux_2_17_aarch64.manylinux2014_aarch64.whl", hash = "sha256:537c4b2716d22c92036d00b34aac9d3775e3691f80c7aa517c2c290351f42cd8"},
    {file = "shapely-2.0.6-cp312-cp312-manylinux_2_17_x86_64.manylinux2014_x86_64.whl", hash = "sha256:98fea108334be345c283ce74bf064fa00cfdd718048a8af7343c59eb40f59726"},
    {file = "shapely-2.0.6-cp312-cp312-win32.whl", hash = "sha256:42fd4cd4834747e4990227e4cbafb02242c0cffe9ce7ef9971f53ac52d80d55f"},
    {file = "shapely-2.0.6-cp312-cp312-win_amd64.whl", hash = "sha256:665990c84aece05efb68a21b3523a6b2057e84a1afbef426ad287f0796ef8a48"},
    {file = "shapely-2.0.6-cp313-cp313-macosx_10_13_x86_64.whl", hash = "sha256:42805ef90783ce689a4dde2b6b2f261e2c52609226a0438d882e3ced40bb3013"},
    {file = "shapely-2.0.6-cp313-cp313-macosx_11_0_arm64.whl", hash = "sha256:6d2cb146191a47bd0cee8ff5f90b47547b82b6345c0d02dd8b25b88b68af62d7"},
    {file = "shapely-2.0.6-cp313-cp313-manylinux_2_17_aarch64.manylinux2014_aarch64.whl", hash = "sha256:e3fdef0a1794a8fe70dc1f514440aa34426cc0ae98d9a1027fb299d45741c381"},
    {file = "shapely-2.0.6-cp313-cp313-manylinux_2_17_x86_64.manylinux2014_x86_64.whl", hash = "sha256:2c665a0301c645615a107ff7f52adafa2153beab51daf34587170d85e8ba6805"},
    {file = "shapely-2.0.6-cp313-cp313-win32.whl", hash = "sha256:0334bd51828f68cd54b87d80b3e7cee93f249d82ae55a0faf3ea21c9be7b323a"},
    {file = "shapely-2.0.6-cp313-cp313-win_amd64.whl", hash = "sha256:d37d070da9e0e0f0a530a621e17c0b8c3c9d04105655132a87cfff8bd77cc4c2"},
    {file = "shapely-2.0.6-cp37-cp37m-macosx_10_9_x86_64.whl", hash = "sha256:fa7468e4f5b92049c0f36d63c3e309f85f2775752e076378e36c6387245c5462"},
    {file = "shapely-2.0.6-cp37-cp37m-manylinux_2_17_aarch64.manylinux2014_aarch64.whl", hash = "sha256:ed5867e598a9e8ac3291da6cc9baa62ca25706eea186117034e8ec0ea4355653"},
    {file = "shapely-2.0.6-cp37-cp37m-manylinux_2_17_x86_64.manylinux2014_x86_64.whl", hash = "sha256:81d9dfe155f371f78c8d895a7b7f323bb241fb148d848a2bf2244f79213123fe"},
    {file = "shapely-2.0.6-cp37-cp37m-win32.whl", hash = "sha256:fbb7bf02a7542dba55129062570211cfb0defa05386409b3e306c39612e7fbcc"},
    {file = "shapely-2.0.6-cp37-cp37m-win_amd64.whl", hash = "sha256:837d395fac58aa01aa544495b97940995211e3e25f9aaf87bc3ba5b3a8cd1ac7"},
    {file = "shapely-2.0.6-cp38-cp38-macosx_10_9_x86_64.whl", hash = "sha256:c6d88ade96bf02f6bfd667ddd3626913098e243e419a0325ebef2bbd481d1eb6"},
    {file = "shapely-2.0.6-cp38-cp38-macosx_11_0_arm64.whl", hash = "sha256:8b3b818c4407eaa0b4cb376fd2305e20ff6df757bf1356651589eadc14aab41b"},
    {file = "shapely-2.0.6-cp38-cp38-manylinux_2_17_aarch64.manylinux2014_aarch64.whl", hash = "sha256:1bbc783529a21f2bd50c79cef90761f72d41c45622b3e57acf78d984c50a5d13"},
    {file = "shapely-2.0.6-cp38-cp38-manylinux_2_17_x86_64.manylinux2014_x86_64.whl", hash = "sha256:2423f6c0903ebe5df6d32e0066b3d94029aab18425ad4b07bf98c3972a6e25a1"},
    {file = "shapely-2.0.6-cp38-cp38-win32.whl", hash = "sha256:2de00c3bfa80d6750832bde1d9487e302a6dd21d90cb2f210515cefdb616e5f5"},
    {file = "shapely-2.0.6-cp38-cp38-win_amd64.whl", hash = "sha256:3a82d58a1134d5e975f19268710e53bddd9c473743356c90d97ce04b73e101ee"},
    {file = "shapely-2.0.6-cp39-cp39-macosx_10_9_x86_64.whl", hash = "sha256:392f66f458a0a2c706254f473290418236e52aa4c9b476a072539d63a2460595"},
    {file = "shapely-2.0.6-cp39-cp39-macosx_11_0_arm64.whl", hash = "sha256:eba5bae271d523c938274c61658ebc34de6c4b33fdf43ef7e938b5776388c1be"},
    {file = "shapely-2.0.6-cp39-cp39-manylinux_2_17_aarch64.manylinux2014_aarch64.whl", hash = "sha256:7060566bc4888b0c8ed14b5d57df8a0ead5c28f9b69fb6bed4476df31c51b0af"},
    {file = "shapely-2.0.6-cp39-cp39-manylinux_2_17_x86_64.manylinux2014_x86_64.whl", hash = "sha256:b02154b3e9d076a29a8513dffcb80f047a5ea63c897c0cd3d3679f29363cf7e5"},
    {file = "shapely-2.0.6-cp39-cp39-win32.whl", hash = "sha256:44246d30124a4f1a638a7d5419149959532b99dfa25b54393512e6acc9c211ac"},
    {file = "shapely-2.0.6-cp39-cp39-win_amd64.whl", hash = "sha256:2b542d7f1dbb89192d3512c52b679c822ba916f93479fa5d4fc2fe4fa0b3c9e8"},
    {file = "shapely-2.0.6.tar.gz", hash = "sha256:997f6159b1484059ec239cacaa53467fd8b5564dabe186cd84ac2944663b0bf6"},
]

[package.dependencies]
numpy = ">=1.14,<3"

[package.extras]
docs = ["matplotlib", "numpydoc (==1.1.*)", "sphinx", "sphinx-book-theme", "sphinx-remove-toctrees"]
test = ["pytest", "pytest-cov"]

[[package]]
name = "typeguard"
version = "4.4.1"
description = "Run-time type checker for Python"
optional = false
python-versions = ">=3.9"
files = [
    {file = "typeguard-4.4.1-py3-none-any.whl", hash = "sha256:9324ec07a27ec67fc54a9c063020ca4c0ae6abad5e9f0f9804ca59aee68c6e21"},
    {file = "typeguard-4.4.1.tar.gz", hash = "sha256:0d22a89d00b453b47c49875f42b6601b961757541a2e1e0ef517b6e24213c21b"},
]

[package.dependencies]
typing-extensions = ">=4.10.0"

[package.extras]
doc = ["Sphinx (>=7)", "packaging", "sphinx-autodoc-typehints (>=1.2.0)", "sphinx-rtd-theme (>=1.3.0)"]
test = ["coverage[toml] (>=7)", "mypy (>=1.2.0)", "pytest (>=7)"]

[[package]]
name = "typing-extensions"
version = "4.12.2"
description = "Backported and Experimental Type Hints for Python 3.8+"
optional = false
python-versions = ">=3.8"
files = [
    {file = "typing_extensions-4.12.2-py3-none-any.whl", hash = "sha256:04e5ca0351e0f3f85c6853954072df659d0d13fac324d0072316b67d7794700d"},
    {file = "typing_extensions-4.12.2.tar.gz", hash = "sha256:1a7ead55c7e559dd4dee8856e3a88b41225abfe1ce8df57b7c13915fe121ffb8"},
]

[metadata]
lock-version = "2.0"
python-versions = "^3.12.8"
content-hash = "214298d3e721df71e720171e03b1872f37ebe9256ca56fd667c8bf30f4399b64"
